
Microsoft Visual Studio Solution File, Format Version 12.00
# Visual Studio Version 17
VisualStudioVersion = 17.10.35122.118
MinimumVisualStudioVersion = 10.0.40219.1
Project("{FAE04EC0-301F-11D3-BF4B-00C04F79EFBC}") = "Leasing", "Leasing.csproj", "{71101E29-39CC-4F75-8EC5-240149F3E583}"
EndProject
Global
	GlobalSection(SolutionConfigurationPlatforms) = preSolution
		Debug|Any CPU = Debug|Any CPU
		Release|Any CPU = Release|Any CPU
	EndGlobalSection
	GlobalSection(ProjectConfigurationPlatforms) = postSolution
		{71101E29-39CC-4F75-8EC5-240149F3E583}.Debug|Any CPU.ActiveCfg = Debug|Any CPU
		{71101E29-39CC-4F75-8EC5-240149F3E583}.Debug|Any CPU.Build.0 = Debug|Any CPU
		{71101E29-39CC-4F75-8EC5-240149F3E583}.Release|Any CPU.ActiveCfg = Release|Any CPU
		{71101E29-39CC-4F75-8EC5-240149F3E583}.Release|Any CPU.Build.0 = Release|Any CPU
	EndGlobalSection
	GlobalSection(SolutionProperties) = preSolution
		HideSolutionNode = FALSE
	EndGlobalSection
	GlobalSection(ExtensibilityGlobals) = postSolution
		SolutionGuid = {17B43D02-AF0D-4111-A3BA-6F4A99DA22E0}
	EndGlobalSection
EndGlobal
